{
  "name": "tile-draw",
  "lockfileVersion": 3,
  "requires": true,
  "packages": {
    "": {
      "dependencies": {
        "@bufbuild/protobuf": "^2.15.0",
        "pako": "^3.0.2"
      },
      "devDependencies": {
        "@bufbuild/buf": "^1.73.0",
        "@bufbuild/protoc-gen-es": "^2.15.0"
      }
    },
    "node_modules/@bufbuild/buf": {
      "version": "1.73.0",
      "resolved": "https://registry.npmjs.org/@bufbuild/buf/-/buf-1.73.0.tgz",
      "integrity": "sha512-W3whb4P1y3Hs9bqwCu9++W1v1ofHZ3dBUCe6JSZq0Ff5OK5UKKZuMN4iunPbgdyXY4+4ujEYf2ESrN/6MbcFSQ==",
      "dev": true,
      "hasInstallScript": true,
      "license": "Apache-2.0",
      "bin": {
        "buf": "bin/buf",
        "protoc-gen-buf-breaking": "bin/protoc-gen-buf-breaking",
        "protoc-gen-buf-lint": "bin/protoc-gen-buf-lint"
      },
      "engines": {
        "node": ">=12"
      },
      "optionalDependencies": {
        "@bufbuild/buf-darwin-arm64": "1.73.0",
        "@bufbuild/buf-darwin-x64": "1.73.0",
        "@bufbuild/buf-linux-aarch64": "1.73.0",
        "@bufbuild/buf-linux-armv7": "1.73.0",
        "@bufbuild/buf-linux-x64": "1.73.0",
        "@bufbuild/buf-win32-arm64": "1.73.0",
        "@bufbuild/buf-win32-x64": "1.73.0"
      }
    },
    "node_modules/@bufbuild/buf-darwin-arm64": {
      "version": "1.73.0",
      "resolved": "https://registry.npmjs.org/@bufbuild/buf-darwin-arm64/-/buf-darwin-arm64-1.73.0.tgz",
      "integrity": "sha512-cDd3y376ecClhyytNLlY3AtsZqsqXvEkQjMvrahrv/xUWWhEIX3efD8y0uufXDe8Yuk3sEmj7J1Xlx73Y46SkA==",
      "cpu": [
        "arm64"
      ],
      "dev": true,
      "license": "Apache-2.0",
      "optional": true,
      "os": [
        "darwin"
      ],
      "engines": {
        "node": ">=12"
      }
    },
    "node_modules/@bufbuild/buf-darwin-x64": {
      "version": "1.73.0",
      "resolved": "https://registry.npmjs.org/@bufbuild/buf-darwin-x64/-/buf-darwin-x64-1.73.0.tgz",
      "integrity": "sha512-VTBTCwaqT7otsMGXlk3MRu6x5hp+YH9PaLKcyWAa8wEt0NnMzbXdkE8GiLgI8Qkl7S3+pC9YSTCE/I+O87Fvrw==",
      "cpu": [
        "x64"
      ],
      "dev": true,
      "license": "Apache-2.0",
      "optional": true,
      "os": [
        "darwin"
      ],
      "engines": {
        "node": ">=12"
      }
    },
    "node_modules/@bufbuild/buf-linux-aarch64": {
      "version": "1.73.0",
      "resolved": "https://registry.npmjs.org/@bufbuild/buf-linux-aarch64/-/buf-linux-aarch64-1.73.0.tgz",
      "integrity": "sha512-HjoQ3wbLiUv5N5XLM3EAR2FY51Yn6t5MEXLPnS/Hx0KDkK/5eyIBZZ6toHBLjczAr1RTA1LagF38+lglZI+kvA==",
      "cpu": [
        "arm64"
      ],
      "dev": true,
      "license": "Apache-2.0",
      "optional": true,
      "os": [
        "linux"
      ],
      "engines": {
        "node": ">=12"
      }
    },
    "node_modules/@bufbuild/buf-linux-armv7": {
      "version": "1.73.0",
      "resolved": "https://registry.npmjs.org/@bufbuild/buf-linux-armv7/-/buf-linux-armv7-1.73.0.tgz",
      "integrity": "sha512-NsZuVg8hXfGcR96Is14ArKxZg6pdJb6kb63bx2g7q8Cjo+gRqZMBFKGvF/fnQMxTrRQAm6hzeF4a2vV4W3lszg==",
      "cpu": [
        "arm"
      ],
      "dev": true,
      "license": "Apache-2.0",
      "optional": true,
      "os": [
        "linux"
      ],
      "engines": {
        "node": ">=12"
      }
    },
    "node_modules/@bufbuild/buf-linux-x64": {
      "version": "1.73.0",
      "resolved": "https://registry.npmjs.org/@bufbuild/buf-linux-x64/-/buf-linux-x64-1.73.0.tgz",
      "integrity": "sha512-dMe6lBQrlHTU7DzqzaR7Udky7R78EDzzxtYZQdjkZun9jKdjGR4fLbPWEPyY4rLGVyk6UUnrtkf5qoIK2SC6qw==",
      "cpu": [
        "x64"
      ],
      "dev": true,
      "license": "Apache-2.0",
      "optional": true,
      "os": [
        "linux"
      ],
      "engines": {
        "node": ">=12"
      }
    },
    "node_modules/@bufbuild/buf-win32-arm64": {
      "version": "1.73.0",
      "resolved": "https://registry.npmjs.org/@bufbuild/buf-win32-arm64/-/buf-win32-arm64-1.73.0.tgz",
      "integrity": "sha512-UmubCflc8zJ48bVW0WeGeVTkNuumJP//wCWKUmeTXT1iNlEqkpaXy6y7o8YJKHGWLfX0/1UV3oay9ti0EyojMw==",
      "cpu": [
        "arm64"
      ],
      "dev": true,
      "license": "Apache-2.0",
      "optional": true,
      "os": [
        "win32"
      ],
      "engines": {
        "node": ">=12"
      }
    },
    "node_modules/@bufbuild/buf-win32-x64": {
      "version": "1.73.0",
      "resolved": "https://registry.npmjs.org/@bufbuild/buf-win32-x64/-/buf-win32-x64-1.73.0.tgz",
      "integrity": "sha512-/Buo10rXzqNLnFDh3BpzGdcrx6OalcU8o8gUyObCFZA5wKcUvBVNDhhpMmoB6YeiOPpPn47jHgW4bSSlypaaOQ==",
      "cpu": [
        "x64"
      ],
      "dev": true,
      "license": "Apache-2.0",
      "optional": true,
      "os": [
        "win32"
      ],
      "engines": {
        "node": ">=12"
      }
    },
    "node_modules/@bufbuild/protobuf": {
      "version": "2.15.0",
      "resolved": "https://registry.npmjs.org/@bufbuild/protobuf/-/protobuf-2.15.0.tgz",
      "integrity": "sha512-DAheWUkVr/SJTWCc+lg9dhY0eN4SaWlf4+bG1KzHeXbnqt0AfB/NX0Z+VunGlM1ki1B4zVvye27MpKh/svySUA==",
      "license": "(Apache-2.0 AND BSD-3-Clause)"
    },
    "node_modules/@bufbuild/protoc-gen-es": {
      "version": "2.15.0",
      "resolved": "https://registry.npmjs.org/@bufbuild/protoc-gen-es/-/protoc-gen-es-2.15.0.tgz",
      "integrity": "sha512-FRhNTAZEXW6arWx2JxgtpuazhmewYctXugu5SfXGpXpLLCInDT1005fSKDzEM/70Es2oIn07PM4RvpwvDvR/fg==",
      "dev": true,
      "license": "Apache-2.0",
      "dependencies": {
        "@bufbuild/protobuf": "2.15.0",
        "@bufbuild/protoplugin": "2.15.0"
      },
      "bin": {
        "protoc-gen-es": "bin/protoc-gen-es"
      },
      "engines": {
        "node": ">=22"
      },
      "peerDependencies": {
        "@bufbuild/protobuf": "2.15.0"
      },
      "peerDependenciesMeta": {
        "@bufbuild/protobuf": {
          "optional": true
        }
      }
    },
    "node_modules/@bufbuild/protoplugin": {
      "version": "2.15.0",
      "resolved": "https://registry.npmjs.org/@bufbuild/protoplugin/-/protoplugin-2.15.0.tgz",
      "integrity": "sha512-vZhRoqB/jTHATqItRvJQf1zbxdrGRRhiusGty4+lKcfEFODG0PMXky2Ezv4WHHS6oSxq+5qShITuE7K1/82SuQ==",
      "dev": true,
      "license": "Apache-2.0",
      "dependencies": {
        "@bufbuild/protobuf": "2.15.0",
        "@typescript/vfs": "^1.6.2",
        "typescript": "5.4.5"
      }
    },
    "node_modules/@typescript/vfs": {
      "version": "1.6.4",
      "resolved": "https://registry.npmjs.org/@typescript/vfs/-/vfs-1.6.4.tgz",
      "integrity": "sha512-PJFXFS4ZJKiJ9Qiuix6Dz/OwEIqHD7Dme1UwZhTK11vR+5dqW2ACbdndWQexBzCx+CPuMe5WBYQWCsFyGlQLlQ==",
      "dev": true,
      "license": "MIT",
      "dependencies": {
        "debug": "^4.4.3"
      },
      "peerDependencies": {
        "typescript": "*"
      }
    },
    "node_modules/debug": {
      "version": "4.4.3",
      "resolved": "https://registry.npmjs.org/debug/-/debug-4.4.3.tgz",
      "integrity": "sha512-RGwwWnwQvkVfavKVt22FGLw+xYSdzARwm0ru6DhTVA3umU5hZc28V3kO4stgYryrTlLpuvgI9GiijltAjNbcqA==",
      "dev": true,
      "license": "MIT",
      "dependencies": {
        "ms": "^2.1.3"
      },
      "engines": {
        "node": ">=6.0"
      },
      "peerDependenciesMeta": {
        "supports-color": {
          "optional": true
        }
      }
    },
    "node_modules/ms": {
      "version": "2.1.3",
      "resolved": "https://registry.npmjs.org/ms/-/ms-2.1.3.tgz",
      "integrity": "sha512-6FlzubTLZG3J2a/NVCAleEhjzq5oxgHyaCU9yYXvcLsvoVaHJq/s5xXI6/XXP6tz7R9xAOtHnSO/tXtF3WRTlA==",
      "dev": true,
      "license": "MIT"
    },
    "node_modules/pako": {
      "version": "3.0.2",
      "resolved": "https://registry.npmjs.org/pako/-/pako-3.0.2.tgz",
      "integrity": "sha512-uBv6IT2aT1A78iU6dpNEbf6+CyhlV/6g9JlJs9kpgjFGFhruIICVRysF/W0SLzXg5+hCl+KroH7e4YUyfEmgLg==",
      "funding": [
        {
          "type": "github",
          "url": "https://github.com/sponsors/puzrin"
        },
        {
          "type": "github",
          "url": "https://github.com/sponsors/nodeca"
        }
      ],
      "license": "(MIT AND Zlib)"
    },
    "node_modules/typescript": {
      "version": "5.4.5",
      "resolved": "https://registry.npmjs.org/typescript/-/typescript-5.4.5.tgz",
      "integrity": "sha512-vcI4UpRgg81oIRUFwR0WSIHKt11nJ7SAVlYNIu+QpqeyXP+gpQJy/Z4+F0aGxSE4MqwjyXvW/TzgkLAx2AGHwQ==",
      "dev": true,
      "license": "Apache-2.0",
      "bin": {
        "tsc": "bin/tsc",
        "tsserver": "bin/tsserver"
      },
      "engines": {
        "node": ">=14.17"
      }
    }
  }
}
